github.com/steve-care-software/selector v0.0.3 h1:yU5RVlF1AphuoDDIL2ehpBvyeydquwCknGSp0fEP7tA=
github.com/steve-care-software/selector v0.0.3/go.mod h1:4WdFHlX/VjTu3l0C2wJCIMiFo/lXySx5r+9VW00NY4s=
github.com/steve-care-software/validator v0.0.3 h1:/FffU0ZUBTphOD54osa0itNB2tb8RuFtz9E9CeJWh6Q=
github.com/steve-care-software/validator v0.0.3/go.mod h1:WrFRdwZ4hNStJAMzEYlINlZ4NuMr2dbYcyk9RrMfvyo=
